
Microsoft Visual Studio Solution File, Format Version 12.00
# Visual Studio Version 16
VisualStudioVersion = 16.0.31702.278
MinimumVisualStudioVersion = 10.0.40219.1
Project("{FAE04EC0-301F-11D3-BF4B-00C04F79EFBC}") = "CalbazaSorinaProiect", "CalbazaSorinaProiect.csproj", "{8CAB99B2-AD9A-414A-B478-EF7DB5172829}"
EndProject
Global
	GlobalSection(SolutionConfigurationPlatforms) = preSolution
		Debug|Any CPU = Debug|Any CPU
		Release|Any CPU = Release|Any CPU
	EndGlobalSection
	GlobalSection(ProjectConfigurationPlatforms) = postSolution
		{8CAB99B2-AD9A-414A-B478-EF7DB5172829}.Debug|Any CPU.ActiveCfg = Debug|Any CPU
		{8CAB99B2-AD9A-414A-B478-EF7DB5172829}.Debug|Any CPU.Build.0 = Debug|Any CPU
		{8CAB99B2-AD9A-414A-B478-EF7DB5172829}.Release|Any CPU.ActiveCfg = Release|Any CPU
		{8CAB99B2-AD9A-414A-B478-EF7DB5172829}.Release|Any CPU.Build.0 = Release|Any CPU
	EndGlobalSection
	GlobalSection(SolutionProperties) = preSolution
		HideSolutionNode = FALSE
	EndGlobalSection
	GlobalSection(ExtensibilityGlobals) = postSolution
		SolutionGuid = {DD94DDA9-0EBB-4873-A750-00313015F3DD}
	EndGlobalSection
EndGlobal
